lockfileVersion: '9.0'

settings:
  autoInstallPeers: true
  excludeLinksFromLockfile: false

importers:

  .:
    dependencies:
      vscode-languageserver:
        specifier: ^9.0.1
        version: 9.0.1
      vscode-languageserver-textdocument:
        specifier: ^1.0.12
        version: 1.0.12
    devDependencies:
      '@biomejs/biome':
        specifier: 1.9.3
        version: 1.9.3
      '@types/node':
        specifier: ^22.7.6
        version: 22.7.6
      typescript:
        specifier: ^5.6.3
        version: 5.6.3

packages:

  '@biomejs/biome@1.9.3':
    resolution: {integrity: sha512-POjAPz0APAmX33WOQFGQrwLvlu7WLV4CFJMlB12b6ZSg+2q6fYu9kZwLCOA+x83zXfcPd1RpuWOKJW0GbBwLIQ==}
    engines: {node: '>=14.21.3'}
    hasBin: true

  '@biomejs/cli-darwin-arm64@1.9.3':
    resolution: {integrity: sha512-QZzD2XrjJDUyIZK+aR2i5DDxCJfdwiYbUKu9GzkCUJpL78uSelAHAPy7m0GuPMVtF/Uo+OKv97W3P9nuWZangQ==}
    engines: {node: '>=14.21.3'}
    cpu: [arm64]
    os: [darwin]

  '@biomejs/cli-darwin-x64@1.9.3':
    resolution: {integrity: sha512-vSCoIBJE0BN3SWDFuAY/tRavpUtNoqiceJ5PrU3xDfsLcm/U6N93JSM0M9OAiC/X7mPPfejtr6Yc9vSgWlEgVw==}
    engines: {node: '>=14.21.3'}
    cpu: [x64]
    os: [darwin]

  '@biomejs/cli-linux-arm64-musl@1.9.3':
    resolution: {integrity: sha512-VBzyhaqqqwP3bAkkBrhVq50i3Uj9+RWuj+pYmXrMDgjS5+SKYGE56BwNw4l8hR3SmYbLSbEo15GcV043CDSk+Q==}
    engines: {node: '>=14.21.3'}
    cpu: [arm64]
    os: [linux]

  '@biomejs/cli-linux-arm64@1.9.3':
    resolution: {integrity: sha512-vJkAimD2+sVviNTbaWOGqEBy31cW0ZB52KtpVIbkuma7PlfII3tsLhFa+cwbRAcRBkobBBhqZ06hXoZAN8NODQ==}
    engines: {node: '>=14.21.3'}
    cpu: [arm64]
    os: [linux]

  '@biomejs/cli-linux-x64-musl@1.9.3':
    resolution: {integrity: sha512-TJmnOG2+NOGM72mlczEsNki9UT+XAsMFAOo8J0me/N47EJ/vkLXxf481evfHLlxMejTY6IN8SdRSiPVLv6AHlA==}
    engines: {node: '>=14.21.3'}
    cpu: [x64]
    os: [linux]

  '@biomejs/cli-linux-x64@1.9.3':
    resolution: {integrity: sha512-x220V4c+romd26Mu1ptU+EudMXVS4xmzKxPVb9mgnfYlN4Yx9vD5NZraSx/onJnd3Gh/y8iPUdU5CDZJKg9COA==}
    engines: {node: '>=14.21.3'}
    cpu: [x64]
    os: [linux]

  '@biomejs/cli-win32-arm64@1.9.3':
    resolution: {integrity: sha512-lg/yZis2HdQGsycUvHWSzo9kOvnGgvtrYRgoCEwPBwwAL8/6crOp3+f47tPwI/LI1dZrhSji7PNsGKGHbwyAhw==}
    engines: {node: '>=14.21.3'}
    cpu: [arm64]
    os: [win32]

  '@biomejs/cli-win32-x64@1.9.3':
    resolution: {integrity: sha512-cQMy2zanBkVLpmmxXdK6YePzmZx0s5Z7KEnwmrW54rcXK3myCNbQa09SwGZ8i/8sLw0H9F3X7K4rxVNGU8/D4Q==}
    engines: {node: '>=14.21.3'}
    cpu: [x64]
    os: [win32]

  '@types/node@22.7.6':
    resolution: {integrity: sha512-/d7Rnj0/ExXDMcioS78/kf1lMzYk4BZV8MZGTBKzTGZ6/406ukkbYlIsZmMPhcR5KlkunDHQLrtAVmSq7r+mSw==}

  typescript@5.6.3:
    resolution: {integrity: sha512-hjcS1mhfuyi4WW8IWtjP7brDrG2cuDZukyrYrSauoXGNgx0S7zceP07adYkJycEr56BOUTNPzbInooiN3fn1qw==}
    engines: {node: '>=14.17'}
    hasBin: true

  undici-types@6.19.8:
    resolution: {integrity: sha512-ve2KP6f/JnbPBFyobGHuerC9g1FYGn/F8n1LWTwNxCEzd6IfqTwUQcNXgEtmmQ6DlRrC1hrSrBnCZPokRrDHjw==}

  vscode-jsonrpc@8.2.0:
    resolution: {integrity: sha512-C+r0eKJUIfiDIfwJhria30+TYWPtuHJXHtI7J0YlOmKAo7ogxP20T0zxB7HZQIFhIyvoBPwWskjxrvAtfjyZfA==}
    engines: {node: '>=14.0.0'}

  vscode-languageserver-protocol@3.17.5:
    resolution: {integrity: sha512-mb1bvRJN8SVznADSGWM9u/b07H7Ecg0I3OgXDuLdn307rl/J3A9YD6/eYOssqhecL27hK1IPZAsaqh00i/Jljg==}

  vscode-languageserver-textdocument@1.0.12:
    resolution: {integrity: sha512-cxWNPesCnQCcMPeenjKKsOCKQZ/L6Tv19DTRIGuLWe32lyzWhihGVJ/rcckZXJxfdKCFvRLS3fpBIsV/ZGX4zA==}

  vscode-languageserver-types@3.17.5:
    resolution: {integrity: sha512-Ld1VelNuX9pdF39h2Hgaeb5hEZM2Z3jUrrMgWQAu82jMtZp7p3vJT3BzToKtZI7NgQssZje5o0zryOrhQvzQAg==}

  vscode-languageserver@9.0.1:
    resolution: {integrity: sha512-woByF3PDpkHFUreUa7Hos7+pUWdeWMXRd26+ZX2A8cFx6v/JPTtd4/uN0/jB6XQHYaOlHbio03NTHCqrgG5n7g==}
    hasBin: true

snapshots:

  '@biomejs/biome@1.9.3':
    optionalDependencies:
      '@biomejs/cli-darwin-arm64': 1.9.3
      '@biomejs/cli-darwin-x64': 1.9.3
      '@biomejs/cli-linux-arm64': 1.9.3
      '@biomejs/cli-linux-arm64-musl': 1.9.3
      '@biomejs/cli-linux-x64': 1.9.3
      '@biomejs/cli-linux-x64-musl': 1.9.3
      '@biomejs/cli-win32-arm64': 1.9.3
      '@biomejs/cli-win32-x64': 1.9.3

  '@biomejs/cli-darwin-arm64@1.9.3':
    optional: true

  '@biomejs/cli-darwin-x64@1.9.3':
    optional: true

  '@biomejs/cli-linux-arm64-musl@1.9.3':
    optional: true

  '@biomejs/cli-linux-arm64@1.9.3':
    optional: true

  '@biomejs/cli-linux-x64-musl@1.9.3':
    optional: true

  '@biomejs/cli-linux-x64@1.9.3':
    optional: true

  '@biomejs/cli-win32-arm64@1.9.3':
    optional: true

  '@biomejs/cli-win32-x64@1.9.3':
    optional: true

  '@types/node@22.7.6':
    dependencies:
      undici-types: 6.19.8

  typescript@5.6.3: {}

  undici-types@6.19.8: {}

  vscode-jsonrpc@8.2.0: {}

  vscode-languageserver-protocol@3.17.5:
    dependencies:
      vscode-jsonrpc: 8.2.0
      vscode-languageserver-types: 3.17.5

  vscode-languageserver-textdocument@1.0.12: {}

  vscode-languageserver-types@3.17.5: {}

  vscode-languageserver@9.0.1:
    dependencies:
      vscode-languageserver-protocol: 3.17.5
