{
  "packages":[
    {
      "name":"brick/math",
      "version":"0.12.1",
      "autoload":{
        "psr-4":{
          "Brick\\Math\\":"src/"
        }
      },
      "time":"2023-11-29T23:19:16+00:00"
    },
    {
      "name":"laravel/framework",
      "version":"v11.29.0",
      "autoload":{
        "psr-4":{
          "Illuminate\\":"src/Illuminate/",
          "Illuminate\\Support\\":[
            "src/Illuminate/Macroable/",
            "src/Illuminate/Collections/",
            "src/Illuminate/Conditionable/"
          ]
        }
      },
      "time":"2024-10-22T14:13:31+00:00"
    }
  ],
  "plugin-api-version":"2.6.0"
}
